
Microsoft Visual Studio Solution File, Format Version 12.00
# Visual Studio 2012
Project("{FAE04EC0-301F-11D3-BF4B-00C04F79EFBC}") = "Datastructures_And_Algorithms", "Datastructures_And_Algorithms\Datastructures_And_Algorithms.csproj", "{7F92FE6B-81B5-4638-B223-72BB6D32597E}"
EndProject
Global
	GlobalSection(SolutionConfigurationPlatforms) = preSolution
		Debug|Any CPU = Debug|Any CPU
		Release|Any CPU = Release|Any CPU
	EndGlobalSection
	GlobalSection(ProjectConfigurationPlatforms) = postSolution
		{7F92FE6B-81B5-4638-B223-72BB6D32597E}.Debug|Any CPU.ActiveCfg = Debug|Any CPU
		{7F92FE6B-81B5-4638-B223-72BB6D32597E}.Debug|Any CPU.Build.0 = Debug|Any CPU
		{7F92FE6B-81B5-4638-B223-72BB6D32597E}.Release|Any CPU.ActiveCfg = Release|Any CPU
		{7F92FE6B-81B5-4638-B223-72BB6D32597E}.Release|Any CPU.Build.0 = Release|Any CPU
	EndGlobalSection
EndGlobal
